
Microsoft Visual Studio Solution File, Format Version 12.00
# Visual Studio Version 17
VisualStudioVersion = 17.14.36616.10 d17.14
MinimumVisualStudioVersion = 10.0.40219.1
Project("{FAE04EC0-301F-11D3-BF4B-00C04F79EFBC}") = "TaskBoardApi", "TaskBoardApi\TaskBoardApi.csproj", "{88804E72-A8E1-4A24-8D0D-C22AB349B808}"
EndProject
Global
	GlobalSection(SolutionConfigurationPlatforms) = preSolution
		Debug|Any CPU = Debug|Any CPU
		Release|Any CPU = Release|Any CPU
	EndGlobalSection
	GlobalSection(ProjectConfigurationPlatforms) = postSolution
		{88804E72-A8E1-4A24-8D0D-C22AB349B808}.Debug|Any CPU.ActiveCfg = Debug|Any CPU
		{88804E72-A8E1-4A24-8D0D-C22AB349B808}.Debug|Any CPU.Build.0 = Debug|Any CPU
		{88804E72-A8E1-4A24-8D0D-C22AB349B808}.Release|Any CPU.ActiveCfg = Release|Any CPU
		{88804E72-A8E1-4A24-8D0D-C22AB349B808}.Release|Any CPU.Build.0 = Release|Any CPU
	EndGlobalSection
	GlobalSection(SolutionProperties) = preSolution
		HideSolutionNode = FALSE
	EndGlobalSection
	GlobalSection(ExtensibilityGlobals) = postSolution
		SolutionGuid = {C7A77F57-22E5-46B0-AE66-A9F3020B178A}
	EndGlobalSection
EndGlobal
